
Microsoft Visual Studio Solution File, Format Version 12.00
# Visual Studio Version 17
VisualStudioVersion = 17.5.002.0
MinimumVisualStudioVersion = 10.0.40219.1
Project("{9A19103F-16F7-4668-BE54-9A1E7A4F7556}") = "api.csharp", "api.csharp.csproj", "{CF92FB1A-D2B7-4BBA-A0B4-93ADAFD8D7EE}"
EndProject
Global
	GlobalSection(SolutionConfigurationPlatforms) = preSolution
		Debug|Any CPU = Debug|Any CPU
		Release|Any CPU = Release|Any CPU
	EndGlobalSection
	GlobalSection(ProjectConfigurationPlatforms) = postSolution
		{CF92FB1A-D2B7-4BBA-A0B4-93ADAFD8D7EE}.Debug|Any CPU.ActiveCfg = Debug|Any CPU
		{CF92FB1A-D2B7-4BBA-A0B4-93ADAFD8D7EE}.Debug|Any CPU.Build.0 = Debug|Any CPU
		{CF92FB1A-D2B7-4BBA-A0B4-93ADAFD8D7EE}.Release|Any CPU.ActiveCfg = Release|Any CPU
		{CF92FB1A-D2B7-4BBA-A0B4-93ADAFD8D7EE}.Release|Any CPU.Build.0 = Release|Any CPU
	EndGlobalSection
	GlobalSection(SolutionProperties) = preSolution
		HideSolutionNode = FALSE
	EndGlobalSection
	GlobalSection(ExtensibilityGlobals) = postSolution
		SolutionGuid = {C197320B-95E0-43FB-AED4-4277AEFAB5E7}
	EndGlobalSection
EndGlobal
